
Microsoft Visual Studio Solution File, Format Version 11.00
# Visual Studio 2010
Project("{FAE04EC0-301F-11D3-BF4B-00C04F79EFBC}") = "GeoInfoImport", "GeoInfoImport\GeoInfoImport.csproj", "{60D1303A-4739-46B5-B4E4-A38B8A0AF7C3}"
EndProject
Project("{FAE04EC0-301F-11D3-BF4B-00C04F79EFBC}") = "GeoData", "GeoData\GeoData.csproj", "{06AAE851-3837-42BB-B9FE-1BC1B1E3B829}"
EndProject
Project("{FAE04EC0-301F-11D3-BF4B-00C04F79EFBC}") = "FindAPark", "FindAPark\FindAPark.csproj", "{B57DA464-A1CC-493C-8D74-79C10C6EC67B}"
EndProject
Project("{FAE04EC0-301F-11D3-BF4B-00C04F79EFBC}") = "EventSource", "EventSource\EventSource.csproj", "{62204971-F615-4177-9028-7972A2226EFB}"
EndProject
Global
	GlobalSection(SolutionConfigurationPlatforms) = preSolution
		Debug|Any CPU = Debug|Any CPU
		Debug|Mixed Platforms = Debug|Mixed Platforms
		Debug|x86 = Debug|x86
		Release|Any CPU = Release|Any CPU
		Release|Mixed Platforms = Release|Mixed Platforms
		Release|x86 = Release|x86
	EndGlobalSection
	GlobalSection(ProjectConfigurationPlatforms) = postSolution
		{60D1303A-4739-46B5-B4E4-A38B8A0AF7C3}.Debug|Any CPU.ActiveCfg = Debug|x86
		{60D1303A-4739-46B5-B4E4-A38B8A0AF7C3}.Debug|Mixed Platforms.ActiveCfg = Debug|x86
		{60D1303A-4739-46B5-B4E4-A38B8A0AF7C3}.Debug|Mixed Platforms.Build.0 = Debug|x86
		{60D1303A-4739-46B5-B4E4-A38B8A0AF7C3}.Debug|x86.ActiveCfg = Debug|x86
		{60D1303A-4739-46B5-B4E4-A38B8A0AF7C3}.Debug|x86.Build.0 = Debug|x86
		{60D1303A-4739-46B5-B4E4-A38B8A0AF7C3}.Release|Any CPU.ActiveCfg = Release|x86
		{60D1303A-4739-46B5-B4E4-A38B8A0AF7C3}.Release|Mixed Platforms.ActiveCfg = Release|x86
		{60D1303A-4739-46B5-B4E4-A38B8A0AF7C3}.Release|Mixed Platforms.Build.0 = Release|x86
		{60D1303A-4739-46B5-B4E4-A38B8A0AF7C3}.Release|x86.ActiveCfg = Release|x86
		{60D1303A-4739-46B5-B4E4-A38B8A0AF7C3}.Release|x86.Build.0 = Release|x86
		{06AAE851-3837-42BB-B9FE-1BC1B1E3B829}.Debug|Any CPU.ActiveCfg = Debug|x86
		{06AAE851-3837-42BB-B9FE-1BC1B1E3B829}.Debug|Mixed Platforms.ActiveCfg = Debug|x86
		{06AAE851-3837-42BB-B9FE-1BC1B1E3B829}.Debug|Mixed Platforms.Build.0 = Debug|x86
		{06AAE851-3837-42BB-B9FE-1BC1B1E3B829}.Debug|x86.ActiveCfg = Debug|x86
		{06AAE851-3837-42BB-B9FE-1BC1B1E3B829}.Debug|x86.Build.0 = Debug|x86
		{06AAE851-3837-42BB-B9FE-1BC1B1E3B829}.Release|Any CPU.ActiveCfg = Release|x86
		{06AAE851-3837-42BB-B9FE-1BC1B1E3B829}.Release|Mixed Platforms.ActiveCfg = Release|x86
		{06AAE851-3837-42BB-B9FE-1BC1B1E3B829}.Release|Mixed Platforms.Build.0 = Release|x86
		{06AAE851-3837-42BB-B9FE-1BC1B1E3B829}.Release|x86.ActiveCfg = Release|x86
		{06AAE851-3837-42BB-B9FE-1BC1B1E3B829}.Release|x86.Build.0 = Release|x86
		{B57DA464-A1CC-493C-8D74-79C10C6EC67B}.Debug|Any CPU.ActiveCfg = Debug|Any CPU
		{B57DA464-A1CC-493C-8D74-79C10C6EC67B}.Debug|Any CPU.Build.0 = Debug|Any CPU
		{B57DA464-A1CC-493C-8D74-79C10C6EC67B}.Debug|Mixed Platforms.ActiveCfg = Debug|Any CPU
		{B57DA464-A1CC-493C-8D74-79C10C6EC67B}.Debug|Mixed Platforms.Build.0 = Debug|Any CPU
		{B57DA464-A1CC-493C-8D74-79C10C6EC67B}.Debug|x86.ActiveCfg = Debug|Any CPU
		{B57DA464-A1CC-493C-8D74-79C10C6EC67B}.Release|Any CPU.ActiveCfg = Release|Any CPU
		{B57DA464-A1CC-493C-8D74-79C10C6EC67B}.Release|Any CPU.Build.0 = Release|Any CPU
		{B57DA464-A1CC-493C-8D74-79C10C6EC67B}.Release|Mixed Platforms.ActiveCfg = Release|Any CPU
		{B57DA464-A1CC-493C-8D74-79C10C6EC67B}.Release|Mixed Platforms.Build.0 = Release|Any CPU
		{B57DA464-A1CC-493C-8D74-79C10C6EC67B}.Release|x86.ActiveCfg = Release|Any CPU
		{62204971-F615-4177-9028-7972A2226EFB}.Debug|Any CPU.ActiveCfg = Debug|x86
		{62204971-F615-4177-9028-7972A2226EFB}.Debug|Mixed Platforms.ActiveCfg = Debug|x86
		{62204971-F615-4177-9028-7972A2226EFB}.Debug|Mixed Platforms.Build.0 = Debug|x86
		{62204971-F615-4177-9028-7972A2226EFB}.Debug|x86.ActiveCfg = Debug|x86
		{62204971-F615-4177-9028-7972A2226EFB}.Debug|x86.Build.0 = Debug|x86
		{62204971-F615-4177-9028-7972A2226EFB}.Release|Any CPU.ActiveCfg = Release|x86
		{62204971-F615-4177-9028-7972A2226EFB}.Release|Mixed Platforms.ActiveCfg = Release|x86
		{62204971-F615-4177-9028-7972A2226EFB}.Release|Mixed Platforms.Build.0 = Release|x86
		{62204971-F615-4177-9028-7972A2226EFB}.Release|x86.ActiveCfg = Release|x86
		{62204971-F615-4177-9028-7972A2226EFB}.Release|x86.Build.0 = Release|x86
	EndGlobalSection
	GlobalSection(SolutionProperties) = preSolution
		HideSolutionNode = FALSE
	EndGlobalSection
EndGlobal
